
Microsoft Visual Studio Solution File, Format Version 12.00
# Visual Studio Version 17
VisualStudioVersion = 17.7.34009.444
MinimumVisualStudioVersion = 10.0.40219.1
Project("{FAE04EC0-301F-11D3-BF4B-00C04F79EFBC}") = "PartialClass", "PartialClass.csproj", "{E4295B70-F79B-42B2-8DF0-238484C14617}"
EndProject
Global
	GlobalSection(SolutionConfigurationPlatforms) = preSolution
		Debug|Any CPU = Debug|Any CPU
		Release|Any CPU = Release|Any CPU
	EndGlobalSection
	GlobalSection(ProjectConfigurationPlatforms) = postSolution
		{E4295B70-F79B-42B2-8DF0-238484C14617}.Debug|Any CPU.ActiveCfg = Debug|Any CPU
		{E4295B70-F79B-42B2-8DF0-238484C14617}.Debug|Any CPU.Build.0 = Debug|Any CPU
		{E4295B70-F79B-42B2-8DF0-238484C14617}.Release|Any CPU.ActiveCfg = Release|Any CPU
		{E4295B70-F79B-42B2-8DF0-238484C14617}.Release|Any CPU.Build.0 = Release|Any CPU
	EndGlobalSection
	GlobalSection(SolutionProperties) = preSolution
		HideSolutionNode = FALSE
	EndGlobalSection
	GlobalSection(ExtensibilityGlobals) = postSolution
		SolutionGuid = {B3F5AB71-0565-4E76-910D-82799AD0619D}
	EndGlobalSection
EndGlobal
